
Microsoft Visual Studio Solution File, Format Version 12.00
# Visual Studio Version 17
VisualStudioVersion = 17.13.36105.23 d17.13
MinimumVisualStudioVersion = 10.0.40219.1
Project("{FAE04EC0-301F-11D3-BF4B-00C04F79EFBC}") = "Sort Queue", "Sort Queue\Sort Queue.csproj", "{9BDAB028-28BC-447F-809C-7B575C889527}"
EndProject
Global
	GlobalSection(SolutionConfigurationPlatforms) = preSolution
		Debug|Any CPU = Debug|Any CPU
		Release|Any CPU = Release|Any CPU
	EndGlobalSection
	GlobalSection(ProjectConfigurationPlatforms) = postSolution
		{9BDAB028-28BC-447F-809C-7B575C889527}.Debug|Any CPU.ActiveCfg = Debug|Any CPU
		{9BDAB028-28BC-447F-809C-7B575C889527}.Debug|Any CPU.Build.0 = Debug|Any CPU
		{9BDAB028-28BC-447F-809C-7B575C889527}.Release|Any CPU.ActiveCfg = Release|Any CPU
		{9BDAB028-28BC-447F-809C-7B575C889527}.Release|Any CPU.Build.0 = Release|Any CPU
	EndGlobalSection
	GlobalSection(SolutionProperties) = preSolution
		HideSolutionNode = FALSE
	EndGlobalSection
	GlobalSection(ExtensibilityGlobals) = postSolution
		SolutionGuid = {79F53298-F953-4284-87EB-7A968C88AAF5}
	EndGlobalSection
EndGlobal
