
Microsoft Visual Studio Solution File, Format Version 12.00
# Visual Studio Version 17
VisualStudioVersion = 17.13.36105.23 d17.13
MinimumVisualStudioVersion = 10.0.40219.1
Project("{FAE04EC0-301F-11D3-BF4B-00C04F79EFBC}") = "Shortest-Path-Dijkstra´s-Algorithm", "Shortest-Path-Dijkstra´s-Algorithm\Shortest-Path-Dijkstra´s-Algorithm.csproj", "{73B5A081-E23F-44F9-9C98-D866B78F8D2B}"
EndProject
Global
	GlobalSection(SolutionConfigurationPlatforms) = preSolution
		Debug|Any CPU = Debug|Any CPU
		Release|Any CPU = Release|Any CPU
	EndGlobalSection
	GlobalSection(ProjectConfigurationPlatforms) = postSolution
		{73B5A081-E23F-44F9-9C98-D866B78F8D2B}.Debug|Any CPU.ActiveCfg = Debug|Any CPU
		{73B5A081-E23F-44F9-9C98-D866B78F8D2B}.Debug|Any CPU.Build.0 = Debug|Any CPU
		{73B5A081-E23F-44F9-9C98-D866B78F8D2B}.Release|Any CPU.ActiveCfg = Release|Any CPU
		{73B5A081-E23F-44F9-9C98-D866B78F8D2B}.Release|Any CPU.Build.0 = Release|Any CPU
	EndGlobalSection
	GlobalSection(SolutionProperties) = preSolution
		HideSolutionNode = FALSE
	EndGlobalSection
	GlobalSection(ExtensibilityGlobals) = postSolution
		SolutionGuid = {CB34037F-AAA7-4A6C-B334-8223E1852A99}
	EndGlobalSection
EndGlobal
