
Microsoft Visual Studio Solution File, Format Version 12.00
# Visual Studio Version 17
VisualStudioVersion = 17.13.36105.23 d17.13
MinimumVisualStudioVersion = 10.0.40219.1
Project("{FAE04EC0-301F-11D3-BF4B-00C04F79EFBC}") = "Max-Value-PerTreeLevel", "Max-Value-PerTreeLevel\Max-Value-PerTreeLevel.csproj", "{18979DF2-AE13-462A-801A-095455EAA0D0}"
EndProject
Global
	GlobalSection(SolutionConfigurationPlatforms) = preSolution
		Debug|Any CPU = Debug|Any CPU
		Release|Any CPU = Release|Any CPU
	EndGlobalSection
	GlobalSection(ProjectConfigurationPlatforms) = postSolution
		{18979DF2-AE13-462A-801A-095455EAA0D0}.Debug|Any CPU.ActiveCfg = Debug|Any CPU
		{18979DF2-AE13-462A-801A-095455EAA0D0}.Debug|Any CPU.Build.0 = Debug|Any CPU
		{18979DF2-AE13-462A-801A-095455EAA0D0}.Release|Any CPU.ActiveCfg = Release|Any CPU
		{18979DF2-AE13-462A-801A-095455EAA0D0}.Release|Any CPU.Build.0 = Release|Any CPU
	EndGlobalSection
	GlobalSection(SolutionProperties) = preSolution
		HideSolutionNode = FALSE
	EndGlobalSection
	GlobalSection(ExtensibilityGlobals) = postSolution
		SolutionGuid = {69724804-BAB8-4AFE-B038-49371025A77B}
	EndGlobalSection
EndGlobal
