
Microsoft Visual Studio Solution File, Format Version 12.00
# Visual Studio Version 17
VisualStudioVersion = 17.13.36105.23 d17.13
MinimumVisualStudioVersion = 10.0.40219.1
Project("{FAE04EC0-301F-11D3-BF4B-00C04F79EFBC}") = "AVL Tree Implementation", "AVL Tree Implementation\AVL Tree Implementation.csproj", "{2B3DFF30-1C83-451D-835F-2567A4417D50}"
EndProject
Global
	GlobalSection(SolutionConfigurationPlatforms) = preSolution
		Debug|Any CPU = Debug|Any CPU
		Release|Any CPU = Release|Any CPU
	EndGlobalSection
	GlobalSection(ProjectConfigurationPlatforms) = postSolution
		{2B3DFF30-1C83-451D-835F-2567A4417D50}.Debug|Any CPU.ActiveCfg = Debug|Any CPU
		{2B3DFF30-1C83-451D-835F-2567A4417D50}.Debug|Any CPU.Build.0 = Debug|Any CPU
		{2B3DFF30-1C83-451D-835F-2567A4417D50}.Release|Any CPU.ActiveCfg = Release|Any CPU
		{2B3DFF30-1C83-451D-835F-2567A4417D50}.Release|Any CPU.Build.0 = Release|Any CPU
	EndGlobalSection
	GlobalSection(SolutionProperties) = preSolution
		HideSolutionNode = FALSE
	EndGlobalSection
	GlobalSection(ExtensibilityGlobals) = postSolution
		SolutionGuid = {C80F94F7-F02B-4C56-8126-5B79F82ADFFB}
	EndGlobalSection
EndGlobal
