
Microsoft Visual Studio Solution File, Format Version 12.00
# Visual Studio Version 17
VisualStudioVersion = 17.13.36105.23 d17.13
MinimumVisualStudioVersion = 10.0.40219.1
Project("{FAE04EC0-301F-11D3-BF4B-00C04F79EFBC}") = "Flight-Seat-Reservations", "Flight-Seat-Reservations\Flight-Seat-Reservations.csproj", "{15A47C14-C5AC-479C-93F9-7CCAFD99DB94}"
EndProject
Global
	GlobalSection(SolutionConfigurationPlatforms) = preSolution
		Debug|Any CPU = Debug|Any CPU
		Release|Any CPU = Release|Any CPU
	EndGlobalSection
	GlobalSection(ProjectConfigurationPlatforms) = postSolution
		{15A47C14-C5AC-479C-93F9-7CCAFD99DB94}.Debug|Any CPU.ActiveCfg = Debug|Any CPU
		{15A47C14-C5AC-479C-93F9-7CCAFD99DB94}.Debug|Any CPU.Build.0 = Debug|Any CPU
		{15A47C14-C5AC-479C-93F9-7CCAFD99DB94}.Release|Any CPU.ActiveCfg = Release|Any CPU
		{15A47C14-C5AC-479C-93F9-7CCAFD99DB94}.Release|Any CPU.Build.0 = Release|Any CPU
	EndGlobalSection
	GlobalSection(SolutionProperties) = preSolution
		HideSolutionNode = FALSE
	EndGlobalSection
	GlobalSection(ExtensibilityGlobals) = postSolution
		SolutionGuid = {27086BFC-66D2-4678-B864-AEDA3EDCBB7F}
	EndGlobalSection
EndGlobal
