
Microsoft Visual Studio Solution File, Format Version 12.00
# Visual Studio Version 17
VisualStudioVersion = 17.13.36105.23 d17.13
MinimumVisualStudioVersion = 10.0.40219.1
Project("{FAE04EC0-301F-11D3-BF4B-00C04F79EFBC}") = "Track-Player-Stats", "Track-Player-Stats\Track-Player-Stats.csproj", "{2EDC714F-8500-4385-AD1E-77E68306A570}"
EndProject
Global
	GlobalSection(SolutionConfigurationPlatforms) = preSolution
		Debug|Any CPU = Debug|Any CPU
		Release|Any CPU = Release|Any CPU
	EndGlobalSection
	GlobalSection(ProjectConfigurationPlatforms) = postSolution
		{2EDC714F-8500-4385-AD1E-77E68306A570}.Debug|Any CPU.ActiveCfg = Debug|Any CPU
		{2EDC714F-8500-4385-AD1E-77E68306A570}.Debug|Any CPU.Build.0 = Debug|Any CPU
		{2EDC714F-8500-4385-AD1E-77E68306A570}.Release|Any CPU.ActiveCfg = Release|Any CPU
		{2EDC714F-8500-4385-AD1E-77E68306A570}.Release|Any CPU.Build.0 = Release|Any CPU
	EndGlobalSection
	GlobalSection(SolutionProperties) = preSolution
		HideSolutionNode = FALSE
	EndGlobalSection
	GlobalSection(ExtensibilityGlobals) = postSolution
		SolutionGuid = {BB855A3B-4447-427E-8550-42E836AC7489}
	EndGlobalSection
EndGlobal
