
Microsoft Visual Studio Solution File, Format Version 12.00
# Visual Studio Version 17
VisualStudioVersion = 17.13.36105.23 d17.13
MinimumVisualStudioVersion = 10.0.40219.1
Project("{FAE04EC0-301F-11D3-BF4B-00C04F79EFBC}") = "Generate Binary Numbers", "Generate Binary Numbers\Generate Binary Numbers.csproj", "{26C8C652-7B99-4DE1-A386-5777D764E2E1}"
EndProject
Global
	GlobalSection(SolutionConfigurationPlatforms) = preSolution
		Debug|Any CPU = Debug|Any CPU
		Release|Any CPU = Release|Any CPU
	EndGlobalSection
	GlobalSection(ProjectConfigurationPlatforms) = postSolution
		{26C8C652-7B99-4DE1-A386-5777D764E2E1}.Debug|Any CPU.ActiveCfg = Debug|Any CPU
		{26C8C652-7B99-4DE1-A386-5777D764E2E1}.Debug|Any CPU.Build.0 = Debug|Any CPU
		{26C8C652-7B99-4DE1-A386-5777D764E2E1}.Release|Any CPU.ActiveCfg = Release|Any CPU
		{26C8C652-7B99-4DE1-A386-5777D764E2E1}.Release|Any CPU.Build.0 = Release|Any CPU
	EndGlobalSection
	GlobalSection(SolutionProperties) = preSolution
		HideSolutionNode = FALSE
	EndGlobalSection
	GlobalSection(ExtensibilityGlobals) = postSolution
		SolutionGuid = {57BC0EA4-43AA-4DDE-A37B-6E55C65DBA4D}
	EndGlobalSection
EndGlobal
