
Microsoft Visual Studio Solution File, Format Version 12.00
# Visual Studio Version 17
VisualStudioVersion = 17.13.36105.23 d17.13
MinimumVisualStudioVersion = 10.0.40219.1
Project("{FAE04EC0-301F-11D3-BF4B-00C04F79EFBC}") = "Decision-Making-Process", "Decision-Making-Process\Decision-Making-Process.csproj", "{A86461B3-0522-4465-816B-530CC1AA2A37}"
EndProject
Global
	GlobalSection(SolutionConfigurationPlatforms) = preSolution
		Debug|Any CPU = Debug|Any CPU
		Release|Any CPU = Release|Any CPU
	EndGlobalSection
	GlobalSection(ProjectConfigurationPlatforms) = postSolution
		{A86461B3-0522-4465-816B-530CC1AA2A37}.Debug|Any CPU.ActiveCfg = Debug|Any CPU
		{A86461B3-0522-4465-816B-530CC1AA2A37}.Debug|Any CPU.Build.0 = Debug|Any CPU
		{A86461B3-0522-4465-816B-530CC1AA2A37}.Release|Any CPU.ActiveCfg = Release|Any CPU
		{A86461B3-0522-4465-816B-530CC1AA2A37}.Release|Any CPU.Build.0 = Release|Any CPU
	EndGlobalSection
	GlobalSection(SolutionProperties) = preSolution
		HideSolutionNode = FALSE
	EndGlobalSection
	GlobalSection(ExtensibilityGlobals) = postSolution
		SolutionGuid = {CB8AF9F7-DCA9-4039-816A-4DF7E84E56EB}
	EndGlobalSection
EndGlobal
