
Microsoft Visual Studio Solution File, Format Version 12.00
# Visual Studio Version 17
VisualStudioVersion = 17.13.36105.23 d17.13
MinimumVisualStudioVersion = 10.0.40219.1
Project("{FAE04EC0-301F-11D3-BF4B-00C04F79EFBC}") = "Unique-active-users", "Unique-active-users\Unique-active-users.csproj", "{09F12A55-D3A6-49B3-99AC-8CDD5CF24A9C}"
EndProject
Global
	GlobalSection(SolutionConfigurationPlatforms) = preSolution
		Debug|Any CPU = Debug|Any CPU
		Release|Any CPU = Release|Any CPU
	EndGlobalSection
	GlobalSection(ProjectConfigurationPlatforms) = postSolution
		{09F12A55-D3A6-49B3-99AC-8CDD5CF24A9C}.Debug|Any CPU.ActiveCfg = Debug|Any CPU
		{09F12A55-D3A6-49B3-99AC-8CDD5CF24A9C}.Debug|Any CPU.Build.0 = Debug|Any CPU
		{09F12A55-D3A6-49B3-99AC-8CDD5CF24A9C}.Release|Any CPU.ActiveCfg = Release|Any CPU
		{09F12A55-D3A6-49B3-99AC-8CDD5CF24A9C}.Release|Any CPU.Build.0 = Release|Any CPU
	EndGlobalSection
	GlobalSection(SolutionProperties) = preSolution
		HideSolutionNode = FALSE
	EndGlobalSection
	GlobalSection(ExtensibilityGlobals) = postSolution
		SolutionGuid = {8B7230D0-086E-4651-A305-8CA0CA9470F0}
	EndGlobalSection
EndGlobal
