
Microsoft Visual Studio Solution File, Format Version 12.00
# Visual Studio Version 17
VisualStudioVersion = 17.13.36105.23 d17.13
MinimumVisualStudioVersion = 10.0.40219.1
Project("{FAE04EC0-301F-11D3-BF4B-00C04F79EFBC}") = "Sorted-unique-list", "Sorted-unique-list\Sorted-unique-list.csproj", "{5CFB750E-4304-40F3-B6A3-F7F79CA59E45}"
EndProject
Global
	GlobalSection(SolutionConfigurationPlatforms) = preSolution
		Debug|Any CPU = Debug|Any CPU
		Release|Any CPU = Release|Any CPU
	EndGlobalSection
	GlobalSection(ProjectConfigurationPlatforms) = postSolution
		{5CFB750E-4304-40F3-B6A3-F7F79CA59E45}.Debug|Any CPU.ActiveCfg = Debug|Any CPU
		{5CFB750E-4304-40F3-B6A3-F7F79CA59E45}.Debug|Any CPU.Build.0 = Debug|Any CPU
		{5CFB750E-4304-40F3-B6A3-F7F79CA59E45}.Release|Any CPU.ActiveCfg = Release|Any CPU
		{5CFB750E-4304-40F3-B6A3-F7F79CA59E45}.Release|Any CPU.Build.0 = Release|Any CPU
	EndGlobalSection
	GlobalSection(SolutionProperties) = preSolution
		HideSolutionNode = FALSE
	EndGlobalSection
	GlobalSection(ExtensibilityGlobals) = postSolution
		SolutionGuid = {FA2A2A9A-1479-492C-B380-B2355281F9A6}
	EndGlobalSection
EndGlobal
