
Microsoft Visual Studio Solution File, Format Version 12.00
# Visual Studio Version 17
VisualStudioVersion = 17.13.36105.23 d17.13
MinimumVisualStudioVersion = 10.0.40219.1
Project("{FAE04EC0-301F-11D3-BF4B-00C04F79EFBC}") = "Real-Time-Notifications", "Real-Time-Notifications\Real-Time-Notifications.csproj", "{5B7401A7-7212-4B47-BDBD-787F2E94B8A7}"
EndProject
Global
	GlobalSection(SolutionConfigurationPlatforms) = preSolution
		Debug|Any CPU = Debug|Any CPU
		Release|Any CPU = Release|Any CPU
	EndGlobalSection
	GlobalSection(ProjectConfigurationPlatforms) = postSolution
		{5B7401A7-7212-4B47-BDBD-787F2E94B8A7}.Debug|Any CPU.ActiveCfg = Debug|Any CPU
		{5B7401A7-7212-4B47-BDBD-787F2E94B8A7}.Debug|Any CPU.Build.0 = Debug|Any CPU
		{5B7401A7-7212-4B47-BDBD-787F2E94B8A7}.Release|Any CPU.ActiveCfg = Release|Any CPU
		{5B7401A7-7212-4B47-BDBD-787F2E94B8A7}.Release|Any CPU.Build.0 = Release|Any CPU
	EndGlobalSection
	GlobalSection(SolutionProperties) = preSolution
		HideSolutionNode = FALSE
	EndGlobalSection
	GlobalSection(ExtensibilityGlobals) = postSolution
		SolutionGuid = {965BF79D-DCEE-49FD-9F96-A11691F1A3B5}
	EndGlobalSection
EndGlobal
